{
  "name": "forsig",
  "version": "0.1.0",
  "lockfileVersion": 3,
  "requires": true,
  "packages": {
    "": {
      "name": "forsig",
      "version": "0.1.0",
      "workspaces": [
        "apps/*",
        "packages/*"
      ],
      "dependencies": {
        "postgres": "^3.4.7"
      }
    },
    "node_modules/@forsig/sdk": {
      "resolved": "packages/sdk-js",
      "link": true
    },
    "node_modules/create-forsig-demo": {
      "resolved": "packages/create-forsig-demo",
      "link": true
    },
    "node_modules/postgres": {
      "version": "3.4.9",
      "resolved": "https://registry.npmjs.org/postgres/-/postgres-3.4.9.tgz",
      "integrity": "sha512-GD3qdB0x1z9xgFI6cdRD6xu2Sp2WCOEoe3mtnyB5Ee0XrrL5Pe+e4CCnJrRMnL1zYtRDZmQQVbvOttLnKDLnaw==",
      "license": "Unlicense",
      "engines": {
        "node": ">=12"
      },
      "funding": {
        "type": "individual",
        "url": "https://github.com/sponsors/porsager"
      }
    },
    "packages/create-forsig-demo": {
      "version": "0.1.0",
      "bin": {
        "create-forsig-demo": "index.mjs"
      }
    },
    "packages/sdk-js": {
      "name": "@forsig/sdk",
      "version": "0.1.0",
      "license": "UNLICENSED",
      "engines": {
        "node": ">=18"
      }
    }
  }
}
